
Microsoft Visual Studio Solution File, Format Version 12.00
# Visual Studio 15
VisualStudioVersion = 15.0.28307.645
MinimumVisualStudioVersion = 10.0.40219.1
Project("{9A19103F-16F7-4668-BE54-9A1E7A4F7556}") = "Advantage.API", "Advantage.API.csproj", "{6E98142A-37DE-43CA-9973-A2B40A81826C}"
EndProject
Global
	GlobalSection(SolutionConfigurationPlatforms) = preSolution
		Debug|Any CPU = Debug|Any CPU
		Release|Any CPU = Release|Any CPU
	EndGlobalSection
	GlobalSection(ProjectConfigurationPlatforms) = postSolution
		{6E98142A-37DE-43CA-9973-A2B40A81826C}.Debug|Any CPU.ActiveCfg = Debug|Any CPU
		{6E98142A-37DE-43CA-9973-A2B40A81826C}.Debug|Any CPU.Build.0 = Debug|Any CPU
		{6E98142A-37DE-43CA-9973-A2B40A81826C}.Release|Any CPU.ActiveCfg = Release|Any CPU
		{6E98142A-37DE-43CA-9973-A2B40A81826C}.Release|Any CPU.Build.0 = Release|Any CPU
	EndGlobalSection
	GlobalSection(SolutionProperties) = preSolution
		HideSolutionNode = FALSE
	EndGlobalSection
	GlobalSection(ExtensibilityGlobals) = postSolution
		SolutionGuid = {EB07E580-05F3-4C7B-AC53-F376AF1AE902}
	EndGlobalSection
EndGlobal
